<?xml version="1.0" encoding="utf-8"?>
<Project ToolsVersion="Current" xmlns="http://schemas.microsoft.com/developer/msbuild/2003">
  <ItemGroup>
    <ClCompile Include="Source\Main.cpp" />
    <ClCompile Include="Source\Game.cpp" />
    <ClCompile Include="Source\GameStates\GameState.cpp" />
    <ClCompile Include="Source\GameStates\GameStateManager.cpp" />
    <ClCompile Include="Source\GameStates\CutsceneState.cpp" />
    <ClCompile Include="Source\Graphics\TextureCache.cpp" />
    <ClCompile Include="Source\Scene\Scene.cpp" />
    <ClCompile Include="Source\Scene\Camera.cpp" />
    <ClCompile Include="Source\Entities\Player.cpp" />
    <ClCompile Include="Source\Entities\Roof.cpp" />
    <ClCompile Include="Source\Entities\Chimney.cpp" />
    <ClCompile Include="Source\Graphics\Animation.cpp" />
    <ClCompile Include="Source\Graphics\SnowScreen.cpp" />
    <ClCompile Include="Source\GameStates\GameplayState.cpp" />
    <ClCompile Include="Source\Entities\Entity.cpp" />
    <ClCompile Include="Source\Entities\Hostiles.cpp" />
    <ClCompile Include="Source\GameStates\GameOverState.cpp" />
    <ClCompile Include="Source\Entities\Consumable.cpp" />
    <ClCompile Include="Source\Graphics\FontCache.cpp" />
    <ClCompile Include="Source\Graphics\Text.cpp" />
    <ClCompile Include="Source\GameStates\MainMenuState.cpp" />
    <ClCompile Include="Source\Graphics\Button.cpp" />
    <ClCompile Include="Source\GameStates\HowToPlayState.cpp" />
    <ClCompile Include="Source\GameStates\AboutState.cpp" />
    <ClCompile Include="Source\GameStates\PauseMenuState.cpp" />
    <ClCompile Include="Source\AudioCache.cpp" />
  </ItemGroup>
  <ItemGroup>
    <None Include="README.md" />
    <None Include=".gitignore" />
    <None Include="LICENSE" />
    <None Include="Resources\Highscore.sav" />
  </ItemGroup>
  <ItemGroup>
    <ClInclude Include="Source\Game.h" />
    <ClInclude Include="Source\GameStates\GameState.h" />
    <ClInclude Include="Source\GameStates\GameStateManager.h" />
    <ClInclude Include="Source\GameStates\CutsceneState.h" />
    <ClInclude Include="Source\Graphics\TextureCache.h" />
    <ClInclude Include="Source\Scene\Scene.h" />
    <ClInclude Include="Source\Scene\Camera.h" />
    <ClInclude Include="Source\Entities\Player.h" />
    <ClInclude Include="Source\Debug.h" />
    <ClInclude Include="Source\Entities\Roof.h" />
    <ClInclude Include="Source\Entities\Chimney.h" />
    <ClInclude Include="Source\Utility.h" />
    <ClInclude Include="Source\Graphics\Animation.h" />
    <ClInclude Include="Source\Graphics\SnowScreen.h" />
    <ClInclude Include="Source\GameStates\GameplayState.h" />
    <ClInclude Include="Source\Entities\Entity.h" />
    <ClInclude Include="Source\Entities\Hostiles.h" />
    <ClInclude Include="Source\GameStates\GameOverState.h" />
    <ClInclude Include="Source\Entities\Consumable.h" />
    <ClInclude Include="Source\Graphics\Text.h" />
    <ClInclude Include="Source\Graphics\FontCache.h" />
    <ClInclude Include="Source\Graphics\Button.h" />
    <ClInclude Include="Source\GameStates\MainMenuState.h" />
    <ClInclude Include="Source\GameStates\HowToPlayState.h" />
    <ClInclude Include="Source\GameStates\AboutState.h" />
    <ClInclude Include="Source\GameStates\PauseMenuState.h" />
    <ClInclude Include="Source\AudioCache.h" />
  </ItemGroup>
  <ItemGroup>
    <Font Include="Resources\Font.ttf" />
  </ItemGroup>
  <ItemGroup>
    <Image Include="Resources\Textures\ChimneyInside.png" />
    <Image Include="Resources\Textures\SpriteSheet.png" />
    <Image Include="Resources\Textures\Snow.png" />
    <Image Include="Resources\Textures\Logo.png" />
  </ItemGroup>
  <ItemGroup>
    <Media Include="Resources\Audio\Attack.wav" />
    <Media Include="Resources\Audio\GameOver.wav" />
    <Media Include="Resources\Audio\Heal.wav" />
    <Media Include="Resources\Audio\Hit.wav" />
    <Media Include="Resources\Audio\Hurt.wav" />
    <Media Include="Resources\Audio\Menu.wav" />
    <Media Include="Resources\Audio\Orb.wav" />
    <Media Include="Resources\Audio\SpecialAttack.wav" />
    <Media Include="Resources\Audio\SpecialHit.wav" />
  </ItemGroup>
</Project>